
Microsoft Visual Studio Solution File, Format Version 12.00
# Visual Studio Version 17
VisualStudioVersion = 17.5.002.0
MinimumVisualStudioVersion = 10.0.40219.1
Project("{9A19103F-16F7-4668-BE54-9A1E7A4F7556}") = "formation-devops", "formation-devops.csproj", "{60E6A30B-CED5-4A4C-AC60-351CB31E6FBB}"
EndProject
Global
	GlobalSection(SolutionConfigurationPlatforms) = preSolution
		Debug|Any CPU = Debug|Any CPU
		Release|Any CPU = Release|Any CPU
	EndGlobalSection
	GlobalSection(ProjectConfigurationPlatforms) = postSolution
		{60E6A30B-CED5-4A4C-AC60-351CB31E6FBB}.Debug|Any CPU.ActiveCfg = Debug|Any CPU
		{60E6A30B-CED5-4A4C-AC60-351CB31E6FBB}.Debug|Any CPU.Build.0 = Debug|Any CPU
		{60E6A30B-CED5-4A4C-AC60-351CB31E6FBB}.Release|Any CPU.ActiveCfg = Release|Any CPU
		{60E6A30B-CED5-4A4C-AC60-351CB31E6FBB}.Release|Any CPU.Build.0 = Release|Any CPU
	EndGlobalSection
	GlobalSection(SolutionProperties) = preSolution
		HideSolutionNode = FALSE
	EndGlobalSection
	GlobalSection(ExtensibilityGlobals) = postSolution
		SolutionGuid = {C1D9458D-80FE-4089-9F8F-EFD9FACE931B}
	EndGlobalSection
EndGlobal
